
Microsoft Visual Studio Solution File, Format Version 12.00
# Visual Studio Version 17
VisualStudioVersion = 17.14.36121.58 d17.14
MinimumVisualStudioVersion = 10.0.40219.1
Project("{FAE04EC0-301F-11D3-BF4B-00C04F79EFBC}") = "CRUD.API", "CRUD.API.csproj", "{98E8B91D-992C-46F9-B764-533BEEBEAC5D}"
EndProject
Project("{FAE04EC0-301F-11D3-BF4B-00C04F79EFBC}") = "CRUD.Model", "..\CRUD.Model\CRUD.Model\CRUD.Model.csproj", "{20194FC7-FCE3-475B-90DD-C9AA03A7139D}"
EndProject
Project("{FAE04EC0-301F-11D3-BF4B-00C04F79EFBC}") = "CRUD.Interface", "..\CRUD.Interface\CRUD.Interface\CRUD.Interface.csproj", "{13B0D085-2691-44BB-98A9-90B0200E0374}"
EndProject
Project("{FAE04EC0-301F-11D3-BF4B-00C04F79EFBC}") = "CRUD.Client", "..\CRUD.Client\CRUD.Client\CRUD.Client.csproj", "{3E31E045-6C02-4E28-9998-1BF54008798C}"
EndProject
Project("{FAE04EC0-301F-11D3-BF4B-00C04F79EFBC}") = "CRUD.Service", "..\CRUD.Service\CRUD.Service\CRUD.Service.csproj", "{DAC12678-032B-4E92-9524-5F98283621DA}"
EndProject
Project("{FAE04EC0-301F-11D3-BF4B-00C04F79EFBC}") = "CRUD.Test", "..\CRUD.Test\CRUD.Test\CRUD.Test.csproj", "{BF1C300C-EA6A-4D32-8720-C23E83DDE3F2}"
EndProject
Global
	GlobalSection(SolutionConfigurationPlatforms) = preSolution
		Debug|Any CPU = Debug|Any CPU
		Release|Any CPU = Release|Any CPU
	EndGlobalSection
	GlobalSection(ProjectConfigurationPlatforms) = postSolution
		{98E8B91D-992C-46F9-B764-533BEEBEAC5D}.Debug|Any CPU.ActiveCfg = Debug|Any CPU
		{98E8B91D-992C-46F9-B764-533BEEBEAC5D}.Debug|Any CPU.Build.0 = Debug|Any CPU
		{98E8B91D-992C-46F9-B764-533BEEBEAC5D}.Release|Any CPU.ActiveCfg = Release|Any CPU
		{98E8B91D-992C-46F9-B764-533BEEBEAC5D}.Release|Any CPU.Build.0 = Release|Any CPU
		{20194FC7-FCE3-475B-90DD-C9AA03A7139D}.Debug|Any CPU.ActiveCfg = Debug|Any CPU
		{20194FC7-FCE3-475B-90DD-C9AA03A7139D}.Debug|Any CPU.Build.0 = Debug|Any CPU
		{20194FC7-FCE3-475B-90DD-C9AA03A7139D}.Release|Any CPU.ActiveCfg = Release|Any CPU
		{20194FC7-FCE3-475B-90DD-C9AA03A7139D}.Release|Any CPU.Build.0 = Release|Any CPU
		{13B0D085-2691-44BB-98A9-90B0200E0374}.Debug|Any CPU.ActiveCfg = Debug|Any CPU
		{13B0D085-2691-44BB-98A9-90B0200E0374}.Debug|Any CPU.Build.0 = Debug|Any CPU
		{13B0D085-2691-44BB-98A9-90B0200E0374}.Release|Any CPU.ActiveCfg = Release|Any CPU
		{13B0D085-2691-44BB-98A9-90B0200E0374}.Release|Any CPU.Build.0 = Release|Any CPU
		{3E31E045-6C02-4E28-9998-1BF54008798C}.Debug|Any CPU.ActiveCfg = Debug|Any CPU
		{3E31E045-6C02-4E28-9998-1BF54008798C}.Debug|Any CPU.Build.0 = Debug|Any CPU
		{3E31E045-6C02-4E28-9998-1BF54008798C}.Release|Any CPU.ActiveCfg = Release|Any CPU
		{3E31E045-6C02-4E28-9998-1BF54008798C}.Release|Any CPU.Build.0 = Release|Any CPU
		{DAC12678-032B-4E92-9524-5F98283621DA}.Debug|Any CPU.ActiveCfg = Debug|Any CPU
		{DAC12678-032B-4E92-9524-5F98283621DA}.Debug|Any CPU.Build.0 = Debug|Any CPU
		{DAC12678-032B-4E92-9524-5F98283621DA}.Release|Any CPU.ActiveCfg = Release|Any CPU
		{DAC12678-032B-4E92-9524-5F98283621DA}.Release|Any CPU.Build.0 = Release|Any CPU
		{BF1C300C-EA6A-4D32-8720-C23E83DDE3F2}.Debug|Any CPU.ActiveCfg = Debug|Any CPU
		{BF1C300C-EA6A-4D32-8720-C23E83DDE3F2}.Debug|Any CPU.Build.0 = Debug|Any CPU
		{BF1C300C-EA6A-4D32-8720-C23E83DDE3F2}.Release|Any CPU.ActiveCfg = Release|Any CPU
		{BF1C300C-EA6A-4D32-8720-C23E83DDE3F2}.Release|Any CPU.Build.0 = Release|Any CPU
	EndGlobalSection
	GlobalSection(SolutionProperties) = preSolution
		HideSolutionNode = FALSE
	EndGlobalSection
	GlobalSection(ExtensibilityGlobals) = postSolution
		SolutionGuid = {D594F156-AA21-4852-9B81-D7D5FBFDBC15}
	EndGlobalSection
EndGlobal
